{
    "_meta": {
        "hash": {
            "sha256": "82d8edae73bf0ae6872fd12186453be1affa12e6c8e686f717d7660d630d1eec"
        },
        "pipfile-spec": 6,
        "requires": {
            "python_version": "3.12"
        },
        "sources": [
            {
                "name": "pypi",
                "url": "https://pypi.org/simple",
                "verify_ssl": true
            }
        ]
    },
    "default": {
        "asgiref": {
            "hashes": [
                "sha256:3e1e3ecc849832fe52ccf2cb6686b7a55f82bb1d6aee72a58826471390335e47",
                "sha256:c343bd80a0bec947a9860adb4c432ffa7db769836c64238fc34bdc3fec84d590"
            ],
            "markers": "python_version >= '3.8'",
            "version": "==3.8.1"
        },
        "django": {
            "hashes": [
                "sha256:0f6cbc56cc298b0451d20a5120c6a8731e9073330fb5d84295c23c151a1eb300",
                "sha256:c8fab2c553750933c8e7f5f95e5507e138e6acf6c2b4581cb691e70fe3ed747b"
            ],
            "index": "pypi",
            "markers": "python_version >= '3.10'",
            "version": "==5.0.10"
        },
        "django-debug-toolbar": {
            "hashes": [
                "sha256:af99128c06e8e794479e65ab62cc6c7d1e74e1c19beb44dcbf9bad7a9c017327",
                "sha256:bc7fdaafafcdedefcc67a4a5ad9dac96efd6e41db15bc74d402a54a2ba4854dc"
            ],
            "index": "pypi",
            "markers": "python_version >= '3.8'",
            "version": "==4.2.0"
        },
        "sqlparse": {
            "hashes": [
                "sha256:09f67787f56a0b16ecdbde1bfc7f5d9c3371ca683cfeaa8e6ff60b4807ec9272",
                "sha256:cf2196ed3418f3ba5de6af7e82c694a9fbdbfecccdfc72e281548517081f16ca"
            ],
            "markers": "python_version >= '3.8'",
            "version": "==0.5.3"
        },
        "tzdata": {
            "hashes": [
                "sha256:11ef1e08e54acb0d4f95bdb1be05da659673de4acbd21bf9c69e94cc5e907a3a",
                "sha256:7e65763eef3120314099b6939b5546db7adce1e7d6f2e179e3df563c70511eda"
            ],
            "markers": "sys_platform == 'win32'",
            "version": "==2023.3"
        }
    },
    "develop": {}
}
